
Microsoft Visual Studio Solution File, Format Version 12.00
# Visual Studio 15
VisualStudioVersion = 15.0.28010.2003
MinimumVisualStudioVersion = 10.0.40219.1
Project("{FAE04EC0-301F-11D3-BF4B-00C04F79EFBC}") = "HomeworkClases", "HomeworkClases\HomeworkClases.csproj", "{FF916EE1-8055-4A7E-AD37-9068A9EA0AF3}"
EndProject
Global
	GlobalSection(SolutionConfigurationPlatforms) = preSolution
		Debug|Any CPU = Debug|Any CPU
		Release|Any CPU = Release|Any CPU
	EndGlobalSection
	GlobalSection(ProjectConfigurationPlatforms) = postSolution
		{FF916EE1-8055-4A7E-AD37-9068A9EA0AF3}.Debug|Any CPU.ActiveCfg = Debug|Any CPU
		{FF916EE1-8055-4A7E-AD37-9068A9EA0AF3}.Debug|Any CPU.Build.0 = Debug|Any CPU
		{FF916EE1-8055-4A7E-AD37-9068A9EA0AF3}.Release|Any CPU.ActiveCfg = Release|Any CPU
		{FF916EE1-8055-4A7E-AD37-9068A9EA0AF3}.Release|Any CPU.Build.0 = Release|Any CPU
	EndGlobalSection
	GlobalSection(SolutionProperties) = preSolution
		HideSolutionNode = FALSE
	EndGlobalSection
	GlobalSection(ExtensibilityGlobals) = postSolution
		SolutionGuid = {E1945D78-7D03-46DB-A671-A72E0EF628F7}
	EndGlobalSection
EndGlobal
